# THIS IS AN AUTOGENERATED FILE. DO NOT EDIT THIS FILE DIRECTLY.
# yarn lockfile v1


"@casium/cookies@file:../cookies/src":
  version "0.0.0"

"@casium/history@file:../history/src":
  version "0.0.0"

"@casium/http@file:../http/src":
  version "0.0.0"

"@casium/local_storage@file:../local_storage/src":
  version "0.0.0"

"@casium/react@file:../react/src":
  version "0.0.0"

"@casium/timer@file:../timer/src":
  version "0.0.0"
