# THIS IS AN AUTOGENERATED FILE. DO NOT EDIT THIS FILE DIRECTLY.
# yarn lockfile v1


"@casium/core@file:../core/src":
  version "0.0.0"

"js-cookie@^2.0.0 || ^3.0.0":
  version "2.2.0"
  resolved "https://registry.yarnpkg.com/js-cookie/-/js-cookie-2.2.0.tgz#1b2c279a6eece380a12168b92485265b35b1effb"
  integrity sha1-Gywnmm7s44ChIWi5JIUmWzWx7/s=
