# THIS IS AN AUTOGENERATED FILE. DO NOT EDIT THIS FILE DIRECTLY.
# yarn lockfile v1


"@casium/core@file:../core/src":
  version "0.0.0"

"@types/ramda@types/npm-ramda":
  version "0.25.0"
  resolved "https://codeload.github.com/types/npm-ramda/tar.gz/a090392bed87139dc07e3df4ab0cde8d5c35c32d"

"@types/react@16.4.7":
  version "16.4.7"
  resolved "https://registry.yarnpkg.com/@types/react/-/react-16.4.7.tgz#f33f6d759a7e1833befa15224d68942d178a5a3f"
  integrity sha512-tHpSs7HMyjnpyfzka1G0pYh7rBNdpwGgcIDT4vfV6jUaR69yOHo/vNH2H+d9iYHo9xnX4qDe7UalPe9HiGRkLw==
  dependencies:
    csstype "^2.2.0"

abab@^2.0.0:
  version "2.0.0"
  resolved "https://registry.yarnpkg.com/abab/-/abab-2.0.0.tgz#aba0ab4c5eee2d4c79d3487d85450fb2376ebb0f"
  integrity sha512-sY5AXXVZv4Y1VACTtR11UJCPHHudgY5i26Qj5TypE6DKlIApbwb5uqhXcJ5UUGbvZNRh7EeIoW+LrJumBsKp7w==

acorn-globals@^4.3.0:
  version "4.3.0"
  resolved "https://registry.yarnpkg.com/acorn-globals/-/acorn-globals-4.3.0.tgz#e3b6f8da3c1552a95ae627571f7dd6923bb54103"
  integrity sha512-hMtHj3s5RnuhvHPowpBYvJVj3rAar82JiDQHvGs1zO0l10ocX/xEdBShNHTJaboucJUsScghp74pH3s7EnHHQw==
  dependencies:
    acorn "^6.0.1"
    acorn-walk "^6.0.1"

acorn-walk@^6.0.1:
  version "6.1.1"
  resolved "https://registry.yarnpkg.com/acorn-walk/-/acorn-walk-6.1.1.tgz#d363b66f5fac5f018ff9c3a1e7b6f8e310cc3913"
  integrity sha512-OtUw6JUTgxA2QoqqmrmQ7F2NYqiBPi/L2jqHyFtllhOUvXYQXf0Z1CYUinIfyT4bTCGmrA7gX9FvHA81uzCoVw==

acorn@^6.0.1, acorn@^6.0.2:
  version "6.1.0"
  resolved "https://registry.yarnpkg.com/acorn/-/acorn-6.1.0.tgz#b0a3be31752c97a0f7013c5f4903b71a05db6818"
  integrity sha512-MW/FjM+IvU9CgBzjO3UIPCE2pyEwUsoFl+VGdczOPEdxfGFjuKny/gN54mOuX7Qxmb9Rg9MCn2oKiSUeW+pjrw==

ajv@^6.5.5:
  version "6.9.1"
  resolved "https://registry.yarnpkg.com/ajv/-/ajv-6.9.1.tgz#a4d3683d74abc5670e75f0b16520f70a20ea8dc1"
  integrity sha512-XDN92U311aINL77ieWHmqCcNlwjoP5cHXDxIxbf2MaPYuCXOHS7gHH8jktxeK5omgd52XbSTX6a4Piwd1pQmzA==
  dependencies:
    fast-deep-equal "^2.0.1"
    fast-json-stable-stringify "^2.0.0"
    json-schema-traverse "^0.4.1"
    uri-js "^4.2.2"

array-equal@^1.0.0:
  version "1.0.0"
  resolved "https://registry.yarnpkg.com/array-equal/-/array-equal-1.0.0.tgz#8c2a5ef2472fd9ea742b04c77a75093ba2757c93"
  integrity sha1-jCpe8kcv2ep0KwTHenUJO6J1fJM=

asn1@~0.2.3:
  version "0.2.4"
  resolved "https://registry.yarnpkg.com/asn1/-/asn1-0.2.4.tgz#8d2475dfab553bb33e77b54e59e880bb8ce23136"
  integrity sha512-jxwzQpLQjSmWXgwaCZE9Nz+glAG01yF1QnWgbhGwHI5A6FRIEY6IVqtHhIepHqI7/kyEyQEagBC5mBEFlIYvdg==
  dependencies:
    safer-buffer "~2.1.0"

assert-plus@1.0.0, assert-plus@^1.0.0:
  version "1.0.0"
  resolved "https://registry.yarnpkg.com/assert-plus/-/assert-plus-1.0.0.tgz#f12e0f3c5d77b0b1cdd9146942e4e96c1e4dd525"
  integrity sha1-8S4PPF13sLHN2RRpQuTpbB5N1SU=

async-limiter@~1.0.0:
  version "1.0.0"
  resolved "https://registry.yarnpkg.com/async-limiter/-/async-limiter-1.0.0.tgz#78faed8c3d074ab81f22b4e985d79e8738f720f8"
  integrity sha512-jp/uFnooOiO+L211eZOoSyzpOITMXx1rBITauYykG3BRYPu8h0UcxsPNB04RR5vo4Tyz3+ay17tR6JVf9qzYWg==

asynckit@^0.4.0:
  version "0.4.0"
  resolved "https://registry.yarnpkg.com/asynckit/-/asynckit-0.4.0.tgz#c79ed97f7f34cb8f2ba1bc9790bcc366474b4b79"
  integrity sha1-x57Zf380y48robyXkLzDZkdLS3k=

aws-sign2@~0.7.0:
  version "0.7.0"
  resolved "https://registry.yarnpkg.com/aws-sign2/-/aws-sign2-0.7.0.tgz#b46e890934a9591f2d2f6f86d7e6a9f1b3fe76a8"
  integrity sha1-tG6JCTSpWR8tL2+G1+ap8bP+dqg=

aws4@^1.8.0:
  version "1.8.0"
  resolved "https://registry.yarnpkg.com/aws4/-/aws4-1.8.0.tgz#f0e003d9ca9e7f59c7a508945d7b2ef9a04a542f"
  integrity sha512-ReZxvNHIOv88FlT7rxcXIIC0fPt4KZqZbOlivyWtXLt8ESx84zd3kMC6iK5jVeS2qt+g7ftS7ye4fi06X5rtRQ==

bcrypt-pbkdf@^1.0.0:
  version "1.0.2"
  resolved "https://registry.yarnpkg.com/bcrypt-pbkdf/-/bcrypt-pbkdf-1.0.2.tgz#a4301d389b6a43f9b67ff3ca11a3f6637e360e9e"
  integrity sha1-pDAdOJtqQ/m2f/PKEaP2Y342Dp4=
  dependencies:
    tweetnacl "^0.14.3"

browser-process-hrtime@^0.1.2:
  version "0.1.3"
  resolved "https://registry.yarnpkg.com/browser-process-hrtime/-/browser-process-hrtime-0.1.3.tgz#616f00faef1df7ec1b5bf9cfe2bdc3170f26c7b4"
  integrity sha512-bRFnI4NnjO6cnyLmOV/7PVoDEMJChlcfN0z4s1YMBY989/SvlfMI1lgCnkFUs53e9gQF+w7qu7XdllSTiSl8Aw==

caseless@~0.12.0:
  version "0.12.0"
  resolved "https://registry.yarnpkg.com/caseless/-/caseless-0.12.0.tgz#1b681c21ff84033c826543090689420d187151dc"
  integrity sha1-G2gcIf+EAzyCZUMJBolCDRhxUdw=

combined-stream@^1.0.6, combined-stream@~1.0.6:
  version "1.0.7"
  resolved "https://registry.yarnpkg.com/combined-stream/-/combined-stream-1.0.7.tgz#2d1d24317afb8abe95d6d2c0b07b57813539d828"
  integrity sha512-brWl9y6vOB1xYPZcpZde3N9zDByXTosAeMDo4p1wzo6UMOX4vumB+TP1RZ76sfE6Md68Q0NJSrE/gbezd4Ul+w==
  dependencies:
    delayed-stream "~1.0.0"

core-util-is@1.0.2:
  version "1.0.2"
  resolved "https://registry.yarnpkg.com/core-util-is/-/core-util-is-1.0.2.tgz#b5fd54220aa2bc5ab57aab7140c940754503c1a7"
  integrity sha1-tf1UIgqivFq1eqtxQMlAdUUDwac=

cssom@0.3.x, cssom@^0.3.4:
  version "0.3.6"
  resolved "https://registry.yarnpkg.com/cssom/-/cssom-0.3.6.tgz#f85206cee04efa841f3c5982a74ba96ab20d65ad"
  integrity sha512-DtUeseGk9/GBW0hl0vVPpU22iHL6YB5BUX7ml1hB+GMpo0NX5G4voX3kdWiMSEguFtcW3Vh3djqNF4aIe6ne0A==

cssstyle@^1.1.1:
  version "1.1.1"
  resolved "https://registry.yarnpkg.com/cssstyle/-/cssstyle-1.1.1.tgz#18b038a9c44d65f7a8e428a653b9f6fe42faf5fb"
  integrity sha512-364AI1l/M5TYcFH83JnOH/pSqgaNnKmYgKrm0didZMGKWjQB60dymwWy1rKUgL3J1ffdq9xVi2yGLHdSjjSNog==
  dependencies:
    cssom "0.3.x"

csstype@^2.2.0:
  version "2.6.2"
  resolved "https://registry.yarnpkg.com/csstype/-/csstype-2.6.2.tgz#3043d5e065454579afc7478a18de41909c8a2f01"
  integrity sha512-Rl7PvTae0pflc1YtxtKbiSqq20Ts6vpIYOD5WBafl4y123DyHUeLrRdQP66sQW8/6gmX8jrYJLXwNeMqYVJcow==

dashdash@^1.12.0:
  version "1.14.1"
  resolved "https://registry.yarnpkg.com/dashdash/-/dashdash-1.14.1.tgz#853cfa0f7cbe2fed5de20326b8dd581035f6e2f0"
  integrity sha1-hTz6D3y+L+1d4gMmuN1YEDX24vA=
  dependencies:
    assert-plus "^1.0.0"

data-urls@^1.0.1:
  version "1.1.0"
  resolved "https://registry.yarnpkg.com/data-urls/-/data-urls-1.1.0.tgz#15ee0582baa5e22bb59c77140da8f9c76963bbfe"
  integrity sha512-YTWYI9se1P55u58gL5GkQHW4P6VJBJ5iBT+B5a7i2Tjadhv52paJG0qHX4A0OR6/t52odI64KP2YvFpkDOi3eQ==
  dependencies:
    abab "^2.0.0"
    whatwg-mimetype "^2.2.0"
    whatwg-url "^7.0.0"

deep-is@~0.1.3:
  version "0.1.3"
  resolved "https://registry.yarnpkg.com/deep-is/-/deep-is-0.1.3.tgz#b369d6fb5dbc13eecf524f91b070feedc357cf34"
  integrity sha1-s2nW+128E+7PUk+RsHD+7cNXzzQ=

define-properties@^1.1.2, define-properties@^1.1.3:
  version "1.1.3"
  resolved "https://registry.yarnpkg.com/define-properties/-/define-properties-1.1.3.tgz#cf88da6cbee26fe6db7094f61d870cbd84cee9f1"
  integrity sha512-3MqfYKj2lLzdMSf8ZIZE/V+Zuy+BgD6f164e8K2w7dgnpKArBDerGYpM46IYYcjnkdPNMjPk9A6VFB8+3SKlXQ==
  dependencies:
    object-keys "^1.0.12"

delayed-stream@~1.0.0:
  version "1.0.0"
  resolved "https://registry.yarnpkg.com/delayed-stream/-/delayed-stream-1.0.0.tgz#df3ae199acadfb7d440aaae0b29e2272b24ec619"
  integrity sha1-3zrhmayt+31ECqrgsp4icrJOxhk=

domexception@^1.0.1:
  version "1.0.1"
  resolved "https://registry.yarnpkg.com/domexception/-/domexception-1.0.1.tgz#937442644ca6a31261ef36e3ec677fe805582c90"
  integrity sha512-raigMkn7CJNNo6Ihro1fzG7wr3fHuYVytzquZKX5n0yizGsTcYgzdIUwj1X9pK0VvjeihV+XiclP+DjwbsSKug==
  dependencies:
    webidl-conversions "^4.0.2"

ecc-jsbn@~0.1.1:
  version "0.1.2"
  resolved "https://registry.yarnpkg.com/ecc-jsbn/-/ecc-jsbn-0.1.2.tgz#3a83a904e54353287874c564b7549386849a98c9"
  integrity sha1-OoOpBOVDUyh4dMVkt1SThoSamMk=
  dependencies:
    jsbn "~0.1.0"
    safer-buffer "^2.1.0"

enzyme-adapter-react-16@1.6.0:
  version "1.6.0"
  resolved "https://registry.yarnpkg.com/enzyme-adapter-react-16/-/enzyme-adapter-react-16-1.6.0.tgz#3fca28d3c32f3ff427495380fe2dd51494689073"
  integrity sha512-ay9eGFpChyUDnjTFMMJHzrb681LF3hPWJLEA7RoLFG9jSWAdAm2V50pGmFV9dYGJgh5HfdiqM+MNvle41Yf/PA==
  dependencies:
    enzyme-adapter-utils "^1.8.0"
    function.prototype.name "^1.1.0"
    object.assign "^4.1.0"
    object.values "^1.0.4"
    prop-types "^15.6.2"
    react-is "^16.5.2"
    react-test-renderer "^16.0.0-0"

enzyme-adapter-utils@^1.8.0:
  version "1.10.0"
  resolved "https://registry.yarnpkg.com/enzyme-adapter-utils/-/enzyme-adapter-utils-1.10.0.tgz#5836169f68b9e8733cb5b69cad5da2a49e34f550"
  integrity sha512-VnIXJDYVTzKGbdW+lgK8MQmYHJquTQZiGzu/AseCZ7eHtOMAj4Rtvk8ZRopodkfPves0EXaHkXBDkVhPa3t0jA==
  dependencies:
    function.prototype.name "^1.1.0"
    object.assign "^4.1.0"
    object.fromentries "^2.0.0"
    prop-types "^15.6.2"
    semver "^5.6.0"

es-abstract@^1.11.0, es-abstract@^1.12.0:
  version "1.13.0"
  resolved "https://registry.yarnpkg.com/es-abstract/-/es-abstract-1.13.0.tgz#ac86145fdd5099d8dd49558ccba2eaf9b88e24e9"
  integrity sha512-vDZfg/ykNxQVwup/8E1BZhVzFfBxs9NqMzGcvIJrqg5k2/5Za2bWo40dK2J1pgLngZ7c+Shh8lwYtLGyrwPutg==
  dependencies:
    es-to-primitive "^1.2.0"
    function-bind "^1.1.1"
    has "^1.0.3"
    is-callable "^1.1.4"
    is-regex "^1.0.4"
    object-keys "^1.0.12"

es-to-primitive@^1.2.0:
  version "1.2.0"
  resolved "https://registry.yarnpkg.com/es-to-primitive/-/es-to-primitive-1.2.0.tgz#edf72478033456e8dda8ef09e00ad9650707f377"
  integrity sha512-qZryBOJjV//LaxLTV6UC//WewneB3LcXOL9NP++ozKVXsIIIpm/2c13UDiD9Jp2eThsecw9m3jPqDwTyobcdbg==
  dependencies:
    is-callable "^1.1.4"
    is-date-object "^1.0.1"
    is-symbol "^1.0.2"

escodegen@^1.11.0:
  version "1.11.0"
  resolved "https://registry.yarnpkg.com/escodegen/-/escodegen-1.11.0.tgz#b27a9389481d5bfd5bec76f7bb1eb3f8f4556589"
  integrity sha512-IeMV45ReixHS53K/OmfKAIztN/igDHzTJUhZM3k1jMhIZWjk45SMwAtBsEXiJp3vSPmTcu6CXn7mDvFHRN66fw==
  dependencies:
    esprima "^3.1.3"
    estraverse "^4.2.0"
    esutils "^2.0.2"
    optionator "^0.8.1"
  optionalDependencies:
    source-map "~0.6.1"

esprima@^3.1.3:
  version "3.1.3"
  resolved "https://registry.yarnpkg.com/esprima/-/esprima-3.1.3.tgz#fdca51cee6133895e3c88d535ce49dbff62a4633"
  integrity sha1-/cpRzuYTOJXjyI1TXOSdv/YqRjM=

estraverse@^4.2.0:
  version "4.2.0"
  resolved "https://registry.yarnpkg.com/estraverse/-/estraverse-4.2.0.tgz#0dee3fed31fcd469618ce7342099fc1afa0bdb13"
  integrity sha1-De4/7TH81GlhjOc0IJn8GvoL2xM=

esutils@^2.0.2:
  version "2.0.2"
  resolved "https://registry.yarnpkg.com/esutils/-/esutils-2.0.2.tgz#0abf4f1caa5bcb1f7a9d8acc6dea4faaa04bac9b"
  integrity sha1-Cr9PHKpbyx96nYrMbepPqqBLrJs=

extend@~3.0.2:
  version "3.0.2"
  resolved "https://registry.yarnpkg.com/extend/-/extend-3.0.2.tgz#f8b1136b4071fbd8eb140aff858b1019ec2915fa"
  integrity sha512-fjquC59cD7CyW6urNXK0FBufkZcoiGG80wTuPujX590cB5Ttln20E2UB4S/WARVqhXffZl2LNgS+gQdPIIim/g==

extsprintf@1.3.0:
  version "1.3.0"
  resolved "https://registry.yarnpkg.com/extsprintf/-/extsprintf-1.3.0.tgz#96918440e3041a7a414f8c52e3c574eb3c3e1e05"
  integrity sha1-lpGEQOMEGnpBT4xS48V06zw+HgU=

extsprintf@^1.2.0:
  version "1.4.0"
  resolved "https://registry.yarnpkg.com/extsprintf/-/extsprintf-1.4.0.tgz#e2689f8f356fad62cca65a3a91c5df5f9551692f"
  integrity sha1-4mifjzVvrWLMplo6kcXfX5VRaS8=

fast-deep-equal@^2.0.1:
  version "2.0.1"
  resolved "https://registry.yarnpkg.com/fast-deep-equal/-/fast-deep-equal-2.0.1.tgz#7b05218ddf9667bf7f370bf7fdb2cb15fdd0aa49"
  integrity sha1-ewUhjd+WZ79/Nwv3/bLLFf3Qqkk=

fast-json-stable-stringify@^2.0.0:
  version "2.0.0"
  resolved "https://registry.yarnpkg.com/fast-json-stable-stringify/-/fast-json-stable-stringify-2.0.0.tgz#d5142c0caee6b1189f87d3a76111064f86c8bbf2"
  integrity sha1-1RQsDK7msRifh9OnYREGT4bIu/I=

fast-levenshtein@~2.0.4:
  version "2.0.6"
  resolved "https://registry.yarnpkg.com/fast-levenshtein/-/fast-levenshtein-2.0.6.tgz#3d8a5c66883a16a30ca8643e851f19baa7797917"
  integrity sha1-PYpcZog6FqMMqGQ+hR8Zuqd5eRc=

forever-agent@~0.6.1:
  version "0.6.1"
  resolved "https://registry.yarnpkg.com/forever-agent/-/forever-agent-0.6.1.tgz#fbc71f0c41adeb37f96c577ad1ed42d8fdacca91"
  integrity sha1-+8cfDEGt6zf5bFd60e1C2P2sypE=

form-data@~2.3.2:
  version "2.3.3"
  resolved "https://registry.yarnpkg.com/form-data/-/form-data-2.3.3.tgz#dcce52c05f644f298c6a7ab936bd724ceffbf3a6"
  integrity sha512-1lLKB2Mu3aGP1Q/2eCOx0fNbRMe7XdwktwOruhfqqd0rIJWwN4Dh+E3hrPSlDCXnSR7UtZ1N38rVXm+6+MEhJQ==
  dependencies:
    asynckit "^0.4.0"
    combined-stream "^1.0.6"
    mime-types "^2.1.12"

function-bind@^1.1.1:
  version "1.1.1"
  resolved "https://registry.yarnpkg.com/function-bind/-/function-bind-1.1.1.tgz#a56899d3ea3c9bab874bb9773b7c5ede92f4895d"
  integrity sha512-yIovAzMX49sF8Yl58fSCWJ5svSLuaibPxXQJFLmBObTuCr0Mf1KiPopGM9NiFjiYBCbfaa2Fh6breQ6ANVTI0A==

function.prototype.name@^1.1.0:
  version "1.1.0"
  resolved "https://registry.yarnpkg.com/function.prototype.name/-/function.prototype.name-1.1.0.tgz#8bd763cc0af860a859cc5d49384d74b932cd2327"
  integrity sha512-Bs0VRrTz4ghD8pTmbJQD1mZ8A/mN0ur/jGz+A6FBxPDUPkm1tNfF6bhTYPA7i7aF4lZJVr+OXTNNrnnIl58Wfg==
  dependencies:
    define-properties "^1.1.2"
    function-bind "^1.1.1"
    is-callable "^1.1.3"

getpass@^0.1.1:
  version "0.1.7"
  resolved "https://registry.yarnpkg.com/getpass/-/getpass-0.1.7.tgz#5eff8e3e684d569ae4cb2b1282604e8ba62149fa"
  integrity sha1-Xv+OPmhNVprkyysSgmBOi6YhSfo=
  dependencies:
    assert-plus "^1.0.0"

har-schema@^2.0.0:
  version "2.0.0"
  resolved "https://registry.yarnpkg.com/har-schema/-/har-schema-2.0.0.tgz#a94c2224ebcac04782a0d9035521f24735b7ec92"
  integrity sha1-qUwiJOvKwEeCoNkDVSHyRzW37JI=

har-validator@~5.1.0:
  version "5.1.3"
  resolved "https://registry.yarnpkg.com/har-validator/-/har-validator-5.1.3.tgz#1ef89ebd3e4996557675eed9893110dc350fa080"
  integrity sha512-sNvOCzEQNr/qrvJgc3UG/kD4QtlHycrzwS+6mfTrrSq97BvaYcPZZI1ZSqGSPR73Cxn4LKTD4PttRwfU7jWq5g==
  dependencies:
    ajv "^6.5.5"
    har-schema "^2.0.0"

has-symbols@^1.0.0:
  version "1.0.0"
  resolved "https://registry.yarnpkg.com/has-symbols/-/has-symbols-1.0.0.tgz#ba1a8f1af2a0fc39650f5c850367704122063b44"
  integrity sha1-uhqPGvKg/DllD1yFA2dwQSIGO0Q=

has@^1.0.1, has@^1.0.3:
  version "1.0.3"
  resolved "https://registry.yarnpkg.com/has/-/has-1.0.3.tgz#722d7cbfc1f6aa8241f16dd814e011e1f41e8796"
  integrity sha512-f2dvO0VU6Oej7RkWJGrehjbzMAjFp5/VKPp5tTpWIV4JHHZK1/BxbFRtf/siA2SWTe09caDmVtYYzWEIbBS4zw==
  dependencies:
    function-bind "^1.1.1"

html-encoding-sniffer@^1.0.2:
  version "1.0.2"
  resolved "https://registry.yarnpkg.com/html-encoding-sniffer/-/html-encoding-sniffer-1.0.2.tgz#e70d84b94da53aa375e11fe3a351be6642ca46f8"
  integrity sha512-71lZziiDnsuabfdYiUeWdCVyKuqwWi23L8YeIgV9jSSZHCtb6wB1BKWooH7L3tn4/FuZJMVWyNaIDr4RGmaSYw==
  dependencies:
    whatwg-encoding "^1.0.1"

http-signature@~1.2.0:
  version "1.2.0"
  resolved "https://registry.yarnpkg.com/http-signature/-/http-signature-1.2.0.tgz#9aecd925114772f3d95b65a60abb8f7c18fbace1"
  integrity sha1-muzZJRFHcvPZW2WmCruPfBj7rOE=
  dependencies:
    assert-plus "^1.0.0"
    jsprim "^1.2.2"
    sshpk "^1.7.0"

iconv-lite@0.4.24:
  version "0.4.24"
  resolved "https://registry.yarnpkg.com/iconv-lite/-/iconv-lite-0.4.24.tgz#2022b4b25fbddc21d2f524974a474aafe733908b"
  integrity sha512-v3MXnZAcvnywkTUEZomIActle7RXXeedOR31wwl7VlyoXO4Qi9arvSenNQWne1TcRwhCL1HwLI21bEqdpj8/rA==
  dependencies:
    safer-buffer ">= 2.1.2 < 3"

ip-regex@^2.1.0:
  version "2.1.0"
  resolved "https://registry.yarnpkg.com/ip-regex/-/ip-regex-2.1.0.tgz#fa78bf5d2e6913c911ce9f819ee5146bb6d844e9"
  integrity sha1-+ni/XS5pE8kRzp+BnuUUa7bYROk=

is-callable@^1.1.3, is-callable@^1.1.4:
  version "1.1.4"
  resolved "https://registry.yarnpkg.com/is-callable/-/is-callable-1.1.4.tgz#1e1adf219e1eeb684d691f9d6a05ff0d30a24d75"
  integrity sha512-r5p9sxJjYnArLjObpjA4xu5EKI3CuKHkJXMhT7kwbpUyIFD1n5PMAsoPvWnvtZiNz7LjkYDRZhd7FlI0eMijEA==

is-date-object@^1.0.1:
  version "1.0.1"
  resolved "https://registry.yarnpkg.com/is-date-object/-/is-date-object-1.0.1.tgz#9aa20eb6aeebbff77fbd33e74ca01b33581d3a16"
  integrity sha1-mqIOtq7rv/d/vTPnTKAbM1gdOhY=

is-regex@^1.0.4:
  version "1.0.4"
  resolved "https://registry.yarnpkg.com/is-regex/-/is-regex-1.0.4.tgz#5517489b547091b0930e095654ced25ee97e9491"
  integrity sha1-VRdIm1RwkbCTDglWVM7SXul+lJE=
  dependencies:
    has "^1.0.1"

is-symbol@^1.0.2:
  version "1.0.2"
  resolved "https://registry.yarnpkg.com/is-symbol/-/is-symbol-1.0.2.tgz#a055f6ae57192caee329e7a860118b497a950f38"
  integrity sha512-HS8bZ9ox60yCJLH9snBpIwv9pYUAkcuLhSA1oero1UB5y9aiQpRA8y2ex945AOtCZL1lJDeIk3G5LthswI46Lw==
  dependencies:
    has-symbols "^1.0.0"

is-typedarray@~1.0.0:
  version "1.0.0"
  resolved "https://registry.yarnpkg.com/is-typedarray/-/is-typedarray-1.0.0.tgz#e479c80858df0c1b11ddda6940f96011fcda4a9a"
  integrity sha1-5HnICFjfDBsR3dppQPlgEfzaSpo=

isstream@~0.1.2:
  version "0.1.2"
  resolved "https://registry.yarnpkg.com/isstream/-/isstream-0.1.2.tgz#47e63f7af55afa6f92e1500e690eb8b8529c099a"
  integrity sha1-R+Y/evVa+m+S4VAOaQ64uFKcCZo=

"js-tokens@^3.0.0 || ^4.0.0":
  version "4.0.0"
  resolved "https://registry.yarnpkg.com/js-tokens/-/js-tokens-4.0.0.tgz#19203fb59991df98e3a287050d4647cdeaf32499"
  integrity sha512-RdJUflcE3cUzKiMqQgsCu06FPu9UdIJO0beYbPhHN4k6apgJtifcoCtT9bcxOpYBtpD2kCM6Sbzg4CausW/PKQ==

jsbn@~0.1.0:
  version "0.1.1"
  resolved "https://registry.yarnpkg.com/jsbn/-/jsbn-0.1.1.tgz#a5e654c2e5a2deb5f201d96cefbca80c0ef2f513"
  integrity sha1-peZUwuWi3rXyAdls77yoDA7y9RM=

jsdom-global@3.0.2:
  version "3.0.2"
  resolved "https://registry.yarnpkg.com/jsdom-global/-/jsdom-global-3.0.2.tgz#6bd299c13b0c4626b2da2c0393cd4385d606acb9"
  integrity sha1-a9KZwTsMRiay2iwDk81DhdYGrLk=

jsdom@12.2.0:
  version "12.2.0"
  resolved "https://registry.yarnpkg.com/jsdom/-/jsdom-12.2.0.tgz#7cf3f5b5eafd47f8f09ca52315d367ff6e95de23"
  integrity sha512-QPOggIJ8fquWPLaYYMoh+zqUmdphDtu1ju0QGTitZT1Yd8I5qenPpXM1etzUegu3MjVp8XPzgZxdn8Yj7e40ig==
  dependencies:
    abab "^2.0.0"
    acorn "^6.0.2"
    acorn-globals "^4.3.0"
    array-equal "^1.0.0"
    cssom "^0.3.4"
    cssstyle "^1.1.1"
    data-urls "^1.0.1"
    domexception "^1.0.1"
    escodegen "^1.11.0"
    html-encoding-sniffer "^1.0.2"
    nwsapi "^2.0.9"
    parse5 "5.1.0"
    pn "^1.1.0"
    request "^2.88.0"
    request-promise-native "^1.0.5"
    saxes "^3.1.3"
    symbol-tree "^3.2.2"
    tough-cookie "^2.4.3"
    w3c-hr-time "^1.0.1"
    webidl-conversions "^4.0.2"
    whatwg-encoding "^1.0.5"
    whatwg-mimetype "^2.2.0"
    whatwg-url "^7.0.0"
    ws "^6.1.0"
    xml-name-validator "^3.0.0"

json-schema-traverse@^0.4.1:
  version "0.4.1"
  resolved "https://registry.yarnpkg.com/json-schema-traverse/-/json-schema-traverse-0.4.1.tgz#69f6a87d9513ab8bb8fe63bdb0979c448e684660"
  integrity sha512-xbbCH5dCYU5T8LcEhhuh7HJ88HXuW3qsI3Y0zOZFKfZEHcpWiHU/Jxzk629Brsab/mMiHQti9wMP+845RPe3Vg==

json-schema@0.2.3:
  version "0.2.3"
  resolved "https://registry.yarnpkg.com/json-schema/-/json-schema-0.2.3.tgz#b480c892e59a2f05954ce727bd3f2a4e882f9e13"
  integrity sha1-tIDIkuWaLwWVTOcnvT8qTogvnhM=

json-stringify-safe@~5.0.1:
  version "5.0.1"
  resolved "https://registry.yarnpkg.com/json-stringify-safe/-/json-stringify-safe-5.0.1.tgz#1296a2d58fd45f19a0f6ce01d65701e2c735b6eb"
  integrity sha1-Epai1Y/UXxmg9s4B1lcB4sc1tus=

jsprim@^1.2.2:
  version "1.4.1"
  resolved "https://registry.yarnpkg.com/jsprim/-/jsprim-1.4.1.tgz#313e66bc1e5cc06e438bc1b7499c2e5c56acb6a2"
  integrity sha1-MT5mvB5cwG5Di8G3SZwuXFastqI=
  dependencies:
    assert-plus "1.0.0"
    extsprintf "1.3.0"
    json-schema "0.2.3"
    verror "1.10.0"

levn@~0.3.0:
  version "0.3.0"
  resolved "https://registry.yarnpkg.com/levn/-/levn-0.3.0.tgz#3b09924edf9f083c0490fdd4c0bc4421e04764ee"
  integrity sha1-OwmSTt+fCDwEkP3UwLxEIeBHZO4=
  dependencies:
    prelude-ls "~1.1.2"
    type-check "~0.3.2"

lodash.sortby@^4.7.0:
  version "4.7.0"
  resolved "https://registry.yarnpkg.com/lodash.sortby/-/lodash.sortby-4.7.0.tgz#edd14c824e2cc9c1e0b0a1b42bb5210516a42438"
  integrity sha1-7dFMgk4sycHgsKG0K7UhBRakJDg=

lodash@^4.13.1:
  version "4.17.11"
  resolved "https://registry.yarnpkg.com/lodash/-/lodash-4.17.11.tgz#b39ea6229ef607ecd89e2c8df12536891cac9b8d"
  integrity sha512-cQKh8igo5QUhZ7lg38DYWAxMvjSAKG0A8wGSVimP07SIUEK2UO+arSRKbRZWtelMtN5V0Hkwh5ryOto/SshYIg==

loose-envify@^1.1.0, loose-envify@^1.4.0:
  version "1.4.0"
  resolved "https://registry.yarnpkg.com/loose-envify/-/loose-envify-1.4.0.tgz#71ee51fa7be4caec1a63839f7e682d8132d30caf"
  integrity sha512-lyuxPGr/Wfhrlem2CL/UcnUc1zcqKAImBDzukY7Y5F/yQiNdko6+fRLevlw1HgMySw7f611UIY408EtxRSoK3Q==
  dependencies:
    js-tokens "^3.0.0 || ^4.0.0"

mime-db@~1.37.0:
  version "1.37.0"
  resolved "https://registry.yarnpkg.com/mime-db/-/mime-db-1.37.0.tgz#0b6a0ce6fdbe9576e25f1f2d2fde8830dc0ad0d8"
  integrity sha512-R3C4db6bgQhlIhPU48fUtdVmKnflq+hRdad7IyKhtFj06VPNVdk2RhiYL3UjQIlso8L+YxAtFkobT0VK+S/ybg==

mime-types@^2.1.12, mime-types@~2.1.19:
  version "2.1.21"
  resolved "https://registry.yarnpkg.com/mime-types/-/mime-types-2.1.21.tgz#28995aa1ecb770742fe6ae7e58f9181c744b3f96"
  integrity sha512-3iL6DbwpyLzjR3xHSFNFeb9Nz/M8WDkX33t1GFQnFOllWk8pOrh/LSrB5OXlnlW5P9LH73X6loW/eogc+F5lJg==
  dependencies:
    mime-db "~1.37.0"

nwsapi@^2.0.9:
  version "2.1.0"
  resolved "https://registry.yarnpkg.com/nwsapi/-/nwsapi-2.1.0.tgz#781065940aed90d9bb01ca5d0ce0fcf81c32712f"
  integrity sha512-ZG3bLAvdHmhIjaQ/Db1qvBxsGvFMLIRpQszyqbg31VJ53UP++uZX1/gf3Ut96pdwN9AuDwlMqIYLm0UPCdUeHg==

oauth-sign@~0.9.0:
  version "0.9.0"
  resolved "https://registry.yarnpkg.com/oauth-sign/-/oauth-sign-0.9.0.tgz#47a7b016baa68b5fa0ecf3dee08a85c679ac6455"
  integrity sha512-fexhUFFPTGV8ybAtSIGbV6gOkSv8UtRbDBnAyLQw4QPKkgNlsH2ByPGtMUqdWkos6YCRmAqViwgZrJc/mRDzZQ==

object-assign@^4.1.1:
  version "4.1.1"
  resolved "https://registry.yarnpkg.com/object-assign/-/object-assign-4.1.1.tgz#2109adc7965887cfc05cbbd442cac8bfbb360863"
  integrity sha1-IQmtx5ZYh8/AXLvUQsrIv7s2CGM=

object-keys@^1.0.11, object-keys@^1.0.12:
  version "1.1.0"
  resolved "https://registry.yarnpkg.com/object-keys/-/object-keys-1.1.0.tgz#11bd22348dd2e096a045ab06f6c85bcc340fa032"
  integrity sha512-6OO5X1+2tYkNyNEx6TsCxEqFfRWaqx6EtMiSbGrw8Ob8v9Ne+Hl8rBAgLBZn5wjEz3s/s6U1WXFUFOcxxAwUpg==

object.assign@^4.1.0:
  version "4.1.0"
  resolved "https://registry.yarnpkg.com/object.assign/-/object.assign-4.1.0.tgz#968bf1100d7956bb3ca086f006f846b3bc4008da"
  integrity sha512-exHJeq6kBKj58mqGyTQ9DFvrZC/eR6OwxzoM9YRoGBqrXYonaFyGiFMuc9VZrXf7DarreEwMpurG3dd+CNyW5w==
  dependencies:
    define-properties "^1.1.2"
    function-bind "^1.1.1"
    has-symbols "^1.0.0"
    object-keys "^1.0.11"

object.fromentries@^2.0.0:
  version "2.0.0"
  resolved "https://registry.yarnpkg.com/object.fromentries/-/object.fromentries-2.0.0.tgz#49a543d92151f8277b3ac9600f1e930b189d30ab"
  integrity sha512-9iLiI6H083uiqUuvzyY6qrlmc/Gz8hLQFOcb/Ri/0xXFkSNS3ctV+CbE6yM2+AnkYfOB3dGjdzC0wrMLIhQICA==
  dependencies:
    define-properties "^1.1.2"
    es-abstract "^1.11.0"
    function-bind "^1.1.1"
    has "^1.0.1"

object.values@^1.0.4:
  version "1.1.0"
  resolved "https://registry.yarnpkg.com/object.values/-/object.values-1.1.0.tgz#bf6810ef5da3e5325790eaaa2be213ea84624da9"
  integrity sha512-8mf0nKLAoFX6VlNVdhGj31SVYpaNFtUnuoOXWyFEstsWRgU837AK+JYM0iAxwkSzGRbwn8cbFmgbyxj1j4VbXg==
  dependencies:
    define-properties "^1.1.3"
    es-abstract "^1.12.0"
    function-bind "^1.1.1"
    has "^1.0.3"

optionator@^0.8.1:
  version "0.8.2"
  resolved "https://registry.yarnpkg.com/optionator/-/optionator-0.8.2.tgz#364c5e409d3f4d6301d6c0b4c05bba50180aeb64"
  integrity sha1-NkxeQJ0/TWMB1sC0wFu6UBgK62Q=
  dependencies:
    deep-is "~0.1.3"
    fast-levenshtein "~2.0.4"
    levn "~0.3.0"
    prelude-ls "~1.1.2"
    type-check "~0.3.2"
    wordwrap "~1.0.0"

parse5@5.1.0:
  version "5.1.0"
  resolved "https://registry.yarnpkg.com/parse5/-/parse5-5.1.0.tgz#c59341c9723f414c452975564c7c00a68d58acd2"
  integrity sha512-fxNG2sQjHvlVAYmzBZS9YlDp6PTSSDwa98vkD4QgVDDCAo84z5X1t5XyJQ62ImdLXx5NdIIfihey6xpum9/gRQ==

performance-now@^2.1.0:
  version "2.1.0"
  resolved "https://registry.yarnpkg.com/performance-now/-/performance-now-2.1.0.tgz#6309f4e0e5fa913ec1c69307ae364b4b377c9e7b"
  integrity sha1-Ywn04OX6kT7BxpMHrjZLSzd8nns=

pn@^1.1.0:
  version "1.1.0"
  resolved "https://registry.yarnpkg.com/pn/-/pn-1.1.0.tgz#e2f4cef0e219f463c179ab37463e4e1ecdccbafb"
  integrity sha512-2qHaIQr2VLRFoxe2nASzsV6ef4yOOH+Fi9FBOVH6cqeSgUnoyySPZkxzLuzd+RYOQTRpROA0ztTMqxROKSb/nA==

prelude-ls@~1.1.2:
  version "1.1.2"
  resolved "https://registry.yarnpkg.com/prelude-ls/-/prelude-ls-1.1.2.tgz#21932a549f5e52ffd9a827f570e04be62a97da54"
  integrity sha1-IZMqVJ9eUv/ZqCf1cOBL5iqX2lQ=

"prop-types@^15.0.0-0 || ^16.0.0-0", prop-types@^15.6.2:
  version "15.7.2"
  resolved "https://registry.yarnpkg.com/prop-types/-/prop-types-15.7.2.tgz#52c41e75b8c87e72b9d9360e0206b99dcbffa6c5"
  integrity sha512-8QQikdH7//R2vurIJSutZ1smHYTcLpRWEOlHnzcWHmBYrOGUysKwSsrC89BCiFj3CbrfJ/nXFdJepOVrY1GCHQ==
  dependencies:
    loose-envify "^1.4.0"
    object-assign "^4.1.1"
    react-is "^16.8.1"

psl@^1.1.24, psl@^1.1.28:
  version "1.1.31"
  resolved "https://registry.yarnpkg.com/psl/-/psl-1.1.31.tgz#e9aa86d0101b5b105cbe93ac6b784cd547276184"
  integrity sha512-/6pt4+C+T+wZUieKR620OpzN/LlnNKuWjy1iFLQ/UG35JqHlR/89MP1d96dUfkf6Dne3TuLQzOYEYshJ+Hx8mw==

punycode@^1.4.1:
  version "1.4.1"
  resolved "https://registry.yarnpkg.com/punycode/-/punycode-1.4.1.tgz#c0d5a63b2718800ad8e1eb0fa5269c84dd41845e"
  integrity sha1-wNWmOycYgArY4esPpSachN1BhF4=

punycode@^2.1.0, punycode@^2.1.1:
  version "2.1.1"
  resolved "https://registry.yarnpkg.com/punycode/-/punycode-2.1.1.tgz#b58b010ac40c22c5657616c8d2c2c02c7bf479ec"
  integrity sha512-XRsRjdf+j5ml+y/6GKHPZbrF/8p2Yga0JPtdqTIY2Xe5ohJPD9saDJJLPvp9+NSBprVvevdXZybnj2cv8OEd0A==

qs@~6.5.2:
  version "6.5.2"
  resolved "https://registry.yarnpkg.com/qs/-/qs-6.5.2.tgz#cb3ae806e8740444584ef154ce8ee98d403f3e36"
  integrity sha512-N5ZAX4/LxJmF+7wN74pUD6qAh9/wnvdQcjq9TZjevvXzSUo7bfmw91saqMjzGS2xq91/odN2dW/WOl7qQHNDGA==

ramda@^0.25.0:
  version "0.25.0"
  resolved "https://registry.yarnpkg.com/ramda/-/ramda-0.25.0.tgz#8fdf68231cffa90bc2f9460390a0cb74a29b29a9"
  integrity sha512-GXpfrYVPwx3K7RQ6aYT8KPS8XViSXUVJT1ONhoKPE9VAleW42YE+U+8VEyGWt41EnEQW7gwecYJriTI0pKoecQ==

react-addons-test-utils@15.6.2:
  version "15.6.2"
  resolved "https://registry.yarnpkg.com/react-addons-test-utils/-/react-addons-test-utils-15.6.2.tgz#c12b6efdc2247c10da7b8770d185080a7b047156"
  integrity sha1-wStu/cIkfBDae4dw0YUICnsEcVY=

react-dom@16.5.2:
  version "16.5.2"
  resolved "https://registry.yarnpkg.com/react-dom/-/react-dom-16.5.2.tgz#b69ee47aa20bab5327b2b9d7c1fe2a30f2cfa9d7"
  integrity sha512-RC8LDw8feuZOHVgzEf7f+cxBr/DnKdqp56VU0lAs1f4UfKc4cU8wU4fTq/mgnvynLQo8OtlPC19NUFh/zjZPuA==
  dependencies:
    loose-envify "^1.1.0"
    object-assign "^4.1.1"
    prop-types "^15.6.2"
    schedule "^0.5.0"

react-is@^16.5.2, react-is@^16.8.1:
  version "16.8.1"
  resolved "https://registry.yarnpkg.com/react-is/-/react-is-16.8.1.tgz#a80141e246eb894824fb4f2901c0c50ef31d4cdb"
  integrity sha512-ioMCzVDWvCvKD8eeT+iukyWrBGrA3DiFYkXfBsVYIRdaREZuBjENG+KjrikavCLasozqRWTwFUagU/O4vPpRMA==

react-test-renderer@16.5.2:
  version "16.5.2"
  resolved "https://registry.yarnpkg.com/react-test-renderer/-/react-test-renderer-16.5.2.tgz#92e9d2c6f763b9821b2e0b22f994ee675068b5ae"
  integrity sha512-AGbJYbCVx1J6jdUgI4s0hNp+9LxlgzKvXl0ROA3DHTrtjAr00Po1RhDZ/eAq2VC/ww8AHgpDXULh5V2rhEqqJg==
  dependencies:
    object-assign "^4.1.1"
    prop-types "^15.6.2"
    react-is "^16.5.2"
    schedule "^0.5.0"

react-test-renderer@^16.0.0-0:
  version "16.8.1"
  resolved "https://registry.yarnpkg.com/react-test-renderer/-/react-test-renderer-16.8.1.tgz#72845ad9269be526126e97853311982f781767be"
  integrity sha512-Bd21TN3+YVl6GZwav6O0T6m5UwGfOj+2+xZH5VH93ToD6M5uclN/c+R1DGX49ueG413KZPUx7Kw3sOYz2aJgfg==
  dependencies:
    object-assign "^4.1.1"
    prop-types "^15.6.2"
    react-is "^16.8.1"
    scheduler "^0.13.1"

react@^16.2.0:
  version "16.8.1"
  resolved "https://registry.yarnpkg.com/react/-/react-16.8.1.tgz#ae11831f6cb2a05d58603a976afc8a558e852c4a"
  integrity sha512-wLw5CFGPdo7p/AgteFz7GblI2JPOos0+biSoxf1FPsGxWQZdN/pj6oToJs1crn61DL3Ln7mN86uZ4j74p31ELQ==
  dependencies:
    loose-envify "^1.1.0"
    object-assign "^4.1.1"
    prop-types "^15.6.2"
    scheduler "^0.13.1"

request-promise-core@1.1.1:
  version "1.1.1"
  resolved "https://registry.yarnpkg.com/request-promise-core/-/request-promise-core-1.1.1.tgz#3eee00b2c5aa83239cfb04c5700da36f81cd08b6"
  integrity sha1-Pu4AssWqgyOc+wTFcA2jb4HNCLY=
  dependencies:
    lodash "^4.13.1"

request-promise-native@^1.0.5:
  version "1.0.5"
  resolved "https://registry.yarnpkg.com/request-promise-native/-/request-promise-native-1.0.5.tgz#5281770f68e0c9719e5163fd3fab482215f4fda5"
  integrity sha1-UoF3D2jgyXGeUWP9P6tIIhX0/aU=
  dependencies:
    request-promise-core "1.1.1"
    stealthy-require "^1.1.0"
    tough-cookie ">=2.3.3"

request@^2.88.0:
  version "2.88.0"
  resolved "https://registry.yarnpkg.com/request/-/request-2.88.0.tgz#9c2fca4f7d35b592efe57c7f0a55e81052124fef"
  integrity sha512-NAqBSrijGLZdM0WZNsInLJpkJokL72XYjUpnB0iwsRgxh7dB6COrHnTBNwN0E+lHDAJzu7kLAkDeY08z2/A0hg==
  dependencies:
    aws-sign2 "~0.7.0"
    aws4 "^1.8.0"
    caseless "~0.12.0"
    combined-stream "~1.0.6"
    extend "~3.0.2"
    forever-agent "~0.6.1"
    form-data "~2.3.2"
    har-validator "~5.1.0"
    http-signature "~1.2.0"
    is-typedarray "~1.0.0"
    isstream "~0.1.2"
    json-stringify-safe "~5.0.1"
    mime-types "~2.1.19"
    oauth-sign "~0.9.0"
    performance-now "^2.1.0"
    qs "~6.5.2"
    safe-buffer "^5.1.2"
    tough-cookie "~2.4.3"
    tunnel-agent "^0.6.0"
    uuid "^3.3.2"

safe-buffer@^5.0.1, safe-buffer@^5.1.2:
  version "5.1.2"
  resolved "https://registry.yarnpkg.com/safe-buffer/-/safe-buffer-5.1.2.tgz#991ec69d296e0313747d59bdfd2b745c35f8828d"
  integrity sha512-Gd2UZBJDkXlY7GbJxfsE8/nvKkUEU1G38c1siN6QP6a9PT9MmHB8GnpscSmMJSoF8LOIrt8ud/wPtojys4G6+g==

"safer-buffer@>= 2.1.2 < 3", safer-buffer@^2.0.2, safer-buffer@^2.1.0, safer-buffer@~2.1.0:
  version "2.1.2"
  resolved "https://registry.yarnpkg.com/safer-buffer/-/safer-buffer-2.1.2.tgz#44fa161b0187b9549dd84bb91802f9bd8385cd6a"
  integrity sha512-YZo3K82SD7Riyi0E1EQPojLz7kpepnSQI9IyPbHHg1XXXevb5dJI7tpyN2ADxGcQbHG7vcyRHk0cbwqcQriUtg==

saxes@^3.1.3:
  version "3.1.6"
  resolved "https://registry.yarnpkg.com/saxes/-/saxes-3.1.6.tgz#2d948a47b54918516c5a64096f08865deb5bd8cd"
  integrity sha512-LAYs+lChg1v5uKNzPtsgTxSS5hLo8aIhSMCJt1WMpefAxm3D1RTpMwSpb6ebdL31cubiLTnhokVktBW+cv9Y9w==
  dependencies:
    xmlchars "^1.3.1"

schedule@^0.5.0:
  version "0.5.0"
  resolved "https://registry.yarnpkg.com/schedule/-/schedule-0.5.0.tgz#c128fffa0b402488b08b55ae74bb9df55cc29cc8"
  integrity sha512-HUcJicG5Ou8xfR//c2rPT0lPIRR09vVvN81T9fqfVgBmhERUbDEQoYKjpBxbueJnCPpSu2ujXzOnRQt6x9o/jw==
  dependencies:
    object-assign "^4.1.1"

scheduler@^0.13.1:
  version "0.13.1"
  resolved "https://registry.yarnpkg.com/scheduler/-/scheduler-0.13.1.tgz#1a217df1bfaabaf4f1b92a9127d5d732d85a9591"
  integrity sha512-VJKOkiKIN2/6NOoexuypwSrybx13MY7NSy9RNt8wPvZDMRT1CW6qlpF5jXRToXNHz3uWzbm2elNpZfXfGPqP9A==
  dependencies:
    loose-envify "^1.1.0"
    object-assign "^4.1.1"

semver@^5.6.0:
  version "5.6.0"
  resolved "https://registry.yarnpkg.com/semver/-/semver-5.6.0.tgz#7e74256fbaa49c75aa7c7a205cc22799cac80004"
  integrity sha512-RS9R6R35NYgQn++fkDWaOmqGoj4Ek9gGs+DPxNUZKuwE183xjJroKvyo1IzVFeXvUrvmALy6FWD5xrdJT25gMg==

source-map@~0.6.1:
  version "0.6.1"
  resolved "https://registry.yarnpkg.com/source-map/-/source-map-0.6.1.tgz#74722af32e9614e9c287a8d0bbde48b5e2f1a263"
  integrity sha512-UjgapumWlbMhkBgzT7Ykc5YXUT46F0iKu8SGXq0bcwP5dz/h0Plj6enJqjz1Zbq2l5WaqYnrVbwWOWMyF3F47g==

sshpk@^1.7.0:
  version "1.16.1"
  resolved "https://registry.yarnpkg.com/sshpk/-/sshpk-1.16.1.tgz#fb661c0bef29b39db40769ee39fa70093d6f6877"
  integrity sha512-HXXqVUq7+pcKeLqqZj6mHFUMvXtOJt1uoUx09pFW6011inTMxqI8BA8PM95myrIyyKwdnzjdFjLiE6KBPVtJIg==
  dependencies:
    asn1 "~0.2.3"
    assert-plus "^1.0.0"
    bcrypt-pbkdf "^1.0.0"
    dashdash "^1.12.0"
    ecc-jsbn "~0.1.1"
    getpass "^0.1.1"
    jsbn "~0.1.0"
    safer-buffer "^2.0.2"
    tweetnacl "~0.14.0"

stealthy-require@^1.1.0:
  version "1.1.1"
  resolved "https://registry.yarnpkg.com/stealthy-require/-/stealthy-require-1.1.1.tgz#35b09875b4ff49f26a777e509b3090a3226bf24b"
  integrity sha1-NbCYdbT/SfJqd35QmzCQoyJr8ks=

symbol-tree@^3.2.2:
  version "3.2.2"
  resolved "https://registry.yarnpkg.com/symbol-tree/-/symbol-tree-3.2.2.tgz#ae27db38f660a7ae2e1c3b7d1bc290819b8519e6"
  integrity sha1-rifbOPZgp64uHDt9G8KQgZuFGeY=

tough-cookie@>=2.3.3:
  version "3.0.1"
  resolved "https://registry.yarnpkg.com/tough-cookie/-/tough-cookie-3.0.1.tgz#9df4f57e739c26930a018184887f4adb7dca73b2"
  integrity sha512-yQyJ0u4pZsv9D4clxO69OEjLWYw+jbgspjTue4lTQZLfV0c5l1VmK2y1JK8E9ahdpltPOaAThPcp5nKPUgSnsg==
  dependencies:
    ip-regex "^2.1.0"
    psl "^1.1.28"
    punycode "^2.1.1"

tough-cookie@^2.4.3:
  version "2.5.0"
  resolved "https://registry.yarnpkg.com/tough-cookie/-/tough-cookie-2.5.0.tgz#cd9fb2a0aa1d5a12b473bd9fb96fa3dcff65ade2"
  integrity sha512-nlLsUzgm1kfLXSXfRZMc1KLAugd4hqJHDTvc2hDIwS3mZAfMEuMbc03SujMF+GEcpaX/qboeycw6iO8JwVv2+g==
  dependencies:
    psl "^1.1.28"
    punycode "^2.1.1"

tough-cookie@~2.4.3:
  version "2.4.3"
  resolved "https://registry.yarnpkg.com/tough-cookie/-/tough-cookie-2.4.3.tgz#53f36da3f47783b0925afa06ff9f3b165280f781"
  integrity sha512-Q5srk/4vDM54WJsJio3XNn6K2sCG+CQ8G5Wz6bZhRZoAe/+TxjWB/GlFAnYEbkYVlON9FMk/fE3h2RLpPXo4lQ==
  dependencies:
    psl "^1.1.24"
    punycode "^1.4.1"

tr46@^1.0.1:
  version "1.0.1"
  resolved "https://registry.yarnpkg.com/tr46/-/tr46-1.0.1.tgz#a8b13fd6bfd2489519674ccde55ba3693b706d09"
  integrity sha1-qLE/1r/SSJUZZ0zN5VujaTtwbQk=
  dependencies:
    punycode "^2.1.0"

tunnel-agent@^0.6.0:
  version "0.6.0"
  resolved "https://registry.yarnpkg.com/tunnel-agent/-/tunnel-agent-0.6.0.tgz#27a5dea06b36b04a0a9966774b290868f0fc40fd"
  integrity sha1-J6XeoGs2sEoKmWZ3SykIaPD8QP0=
  dependencies:
    safe-buffer "^5.0.1"

tweetnacl@^0.14.3, tweetnacl@~0.14.0:
  version "0.14.5"
  resolved "https://registry.yarnpkg.com/tweetnacl/-/tweetnacl-0.14.5.tgz#5ae68177f192d4456269d108afa93ff8743f4f64"
  integrity sha1-WuaBd/GS1EViadEIr6k/+HQ/T2Q=

type-check@~0.3.2:
  version "0.3.2"
  resolved "https://registry.yarnpkg.com/type-check/-/type-check-0.3.2.tgz#5884cab512cf1d355e3fb784f30804b2b520db72"
  integrity sha1-WITKtRLPHTVeP7eE8wgEsrUg23I=
  dependencies:
    prelude-ls "~1.1.2"

uri-js@^4.2.2:
  version "4.2.2"
  resolved "https://registry.yarnpkg.com/uri-js/-/uri-js-4.2.2.tgz#94c540e1ff772956e2299507c010aea6c8838eb0"
  integrity sha512-KY9Frmirql91X2Qgjry0Wd4Y+YTdrdZheS8TFwvkbLWf/G5KNJDCh6pKL5OZctEW4+0Baa5idK2ZQuELRwPznQ==
  dependencies:
    punycode "^2.1.0"

uuid@^3.3.2:
  version "3.3.2"
  resolved "https://registry.yarnpkg.com/uuid/-/uuid-3.3.2.tgz#1b4af4955eb3077c501c23872fc6513811587131"
  integrity sha512-yXJmeNaw3DnnKAOKJE51sL/ZaYfWJRl1pK9dr19YFCu0ObS231AB1/LbqTKRAQ5kw8A90rA6fr4riOUpTZvQZA==

verror@1.10.0:
  version "1.10.0"
  resolved "https://registry.yarnpkg.com/verror/-/verror-1.10.0.tgz#3a105ca17053af55d6e270c1f8288682e18da400"
  integrity sha1-OhBcoXBTr1XW4nDB+CiGguGNpAA=
  dependencies:
    assert-plus "^1.0.0"
    core-util-is "1.0.2"
    extsprintf "^1.2.0"

w3c-hr-time@^1.0.1:
  version "1.0.1"
  resolved "https://registry.yarnpkg.com/w3c-hr-time/-/w3c-hr-time-1.0.1.tgz#82ac2bff63d950ea9e3189a58a65625fedf19045"
  integrity sha1-gqwr/2PZUOqeMYmlimViX+3xkEU=
  dependencies:
    browser-process-hrtime "^0.1.2"

webidl-conversions@^4.0.2:
  version "4.0.2"
  resolved "https://registry.yarnpkg.com/webidl-conversions/-/webidl-conversions-4.0.2.tgz#a855980b1f0b6b359ba1d5d9fb39ae941faa63ad"
  integrity sha512-YQ+BmxuTgd6UXZW3+ICGfyqRyHXVlD5GtQr5+qjiNW7bF0cqrzX500HVXPBOvgXb5YnzDd+h0zqyv61KUD7+Sg==

whatwg-encoding@^1.0.1, whatwg-encoding@^1.0.5:
  version "1.0.5"
  resolved "https://registry.yarnpkg.com/whatwg-encoding/-/whatwg-encoding-1.0.5.tgz#5abacf777c32166a51d085d6b4f3e7d27113ddb0"
  integrity sha512-b5lim54JOPN9HtzvK9HFXvBma/rnfFeqsic0hSpjtDbVxR3dJKLc+KB4V6GgiGOvl7CY/KNh8rxSo9DKQrnUEw==
  dependencies:
    iconv-lite "0.4.24"

whatwg-mimetype@^2.2.0:
  version "2.3.0"
  resolved "https://registry.yarnpkg.com/whatwg-mimetype/-/whatwg-mimetype-2.3.0.tgz#3d4b1e0312d2079879f826aff18dbeeca5960fbf"
  integrity sha512-M4yMwr6mAnQz76TbJm914+gPpB/nCwvZbJU28cUD6dR004SAxDLOOSUaB1JDRqLtaOV/vi0IC5lEAGFgrjGv/g==

whatwg-url@^7.0.0:
  version "7.0.0"
  resolved "https://registry.yarnpkg.com/whatwg-url/-/whatwg-url-7.0.0.tgz#fde926fa54a599f3adf82dff25a9f7be02dc6edd"
  integrity sha512-37GeVSIJ3kn1JgKyjiYNmSLP1yzbpb29jdmwBSgkD9h40/hyrR/OifpVUndji3tmwGgD8qpw7iQu3RSbCrBpsQ==
  dependencies:
    lodash.sortby "^4.7.0"
    tr46 "^1.0.1"
    webidl-conversions "^4.0.2"

wordwrap@~1.0.0:
  version "1.0.0"
  resolved "https://registry.yarnpkg.com/wordwrap/-/wordwrap-1.0.0.tgz#27584810891456a4171c8d0226441ade90cbcaeb"
  integrity sha1-J1hIEIkUVqQXHI0CJkQa3pDLyus=

ws@^6.1.0:
  version "6.1.3"
  resolved "https://registry.yarnpkg.com/ws/-/ws-6.1.3.tgz#d2d2e5f0e3c700ef2de89080ebc0ac6e1bf3a72d"
  integrity sha512-tbSxiT+qJI223AP4iLfQbkbxkwdFcneYinM2+x46Gx2wgvbaOMO36czfdfVUBRTHvzAMRhDd98sA5d/BuWbQdg==
  dependencies:
    async-limiter "~1.0.0"

xml-name-validator@^3.0.0:
  version "3.0.0"
  resolved "https://registry.yarnpkg.com/xml-name-validator/-/xml-name-validator-3.0.0.tgz#6ae73e06de4d8c6e47f9fb181f78d648ad457c6a"
  integrity sha512-A5CUptxDsvxKJEU3yO6DuWBSJz/qizqzJKOMIfUJHETbBw/sFaDxgd6fxm1ewUaM0jZ444Fc5vC5ROYurg/4Pw==

xmlchars@^1.3.1:
  version "1.3.1"
  resolved "https://registry.yarnpkg.com/xmlchars/-/xmlchars-1.3.1.tgz#1dda035f833dbb4f86a0c28eaa6ca769214793cf"
  integrity sha512-tGkGJkN8XqCod7OT+EvGYK5Z4SfDQGD30zAa58OcnAa0RRWgzUEK72tkXhsX1FZd+rgnhRxFtmO+ihkp8LHSkw==
